
Microsoft Visual Studio Solution File, Format Version 12.00
# Visual Studio Version 16
VisualStudioVersion = 16.6.30114.105
MinimumVisualStudioVersion = 10.0.40219.1
Project("{FAE04EC0-301F-11D3-BF4B-00C04F79EFBC}") = "RRUI", "RRUI\RRUI.csproj", "{438A9A87-8C82-4166-BE6A-7BCD699B9C45}"
EndProject
Project("{FAE04EC0-301F-11D3-BF4B-00C04F79EFBC}") = "RRModels", "RRModels\RRModels.csproj", "{2588D14E-0C76-4BF2-8F78-46E203B5A3CD}"
EndProject
Project("{FAE04EC0-301F-11D3-BF4B-00C04F79EFBC}") = "RRBL", "RRBL\RRBL.csproj", "{5460B79A-CC97-4160-8B73-4BE514C289A5}"
EndProject
Project("{FAE04EC0-301F-11D3-BF4B-00C04F79EFBC}") = "RRDL", "RRDL\RRDL.csproj", "{1C715DA2-EF90-4528-A38E-38FB0DEE85EE}"
EndProject
Global
	GlobalSection(SolutionConfigurationPlatforms) = preSolution
		Debug|Any CPU = Debug|Any CPU
		Debug|x64 = Debug|x64
		Debug|x86 = Debug|x86
		Release|Any CPU = Release|Any CPU
		Release|x64 = Release|x64
		Release|x86 = Release|x86
	EndGlobalSection
	GlobalSection(SolutionProperties) = preSolution
		HideSolutionNode = FALSE
	EndGlobalSection
	GlobalSection(ProjectConfigurationPlatforms) = postSolution
		{438A9A87-8C82-4166-BE6A-7BCD699B9C45}.Debug|Any CPU.ActiveCfg = Debug|Any CPU
		{438A9A87-8C82-4166-BE6A-7BCD699B9C45}.Debug|Any CPU.Build.0 = Debug|Any CPU
		{438A9A87-8C82-4166-BE6A-7BCD699B9C45}.Debug|x64.ActiveCfg = Debug|Any CPU
		{438A9A87-8C82-4166-BE6A-7BCD699B9C45}.Debug|x64.Build.0 = Debug|Any CPU
		{438A9A87-8C82-4166-BE6A-7BCD699B9C45}.Debug|x86.ActiveCfg = Debug|Any CPU
		{438A9A87-8C82-4166-BE6A-7BCD699B9C45}.Debug|x86.Build.0 = Debug|Any CPU
		{438A9A87-8C82-4166-BE6A-7BCD699B9C45}.Release|Any CPU.ActiveCfg = Release|Any CPU
		{438A9A87-8C82-4166-BE6A-7BCD699B9C45}.Release|Any CPU.Build.0 = Release|Any CPU
		{438A9A87-8C82-4166-BE6A-7BCD699B9C45}.Release|x64.ActiveCfg = Release|Any CPU
		{438A9A87-8C82-4166-BE6A-7BCD699B9C45}.Release|x64.Build.0 = Release|Any CPU
		{438A9A87-8C82-4166-BE6A-7BCD699B9C45}.Release|x86.ActiveCfg = Release|Any CPU
		{438A9A87-8C82-4166-BE6A-7BCD699B9C45}.Release|x86.Build.0 = Release|Any CPU
		{2588D14E-0C76-4BF2-8F78-46E203B5A3CD}.Debug|Any CPU.ActiveCfg = Debug|Any CPU
		{2588D14E-0C76-4BF2-8F78-46E203B5A3CD}.Debug|Any CPU.Build.0 = Debug|Any CPU
		{2588D14E-0C76-4BF2-8F78-46E203B5A3CD}.Debug|x64.ActiveCfg = Debug|Any CPU
		{2588D14E-0C76-4BF2-8F78-46E203B5A3CD}.Debug|x64.Build.0 = Debug|Any CPU
		{2588D14E-0C76-4BF2-8F78-46E203B5A3CD}.Debug|x86.ActiveCfg = Debug|Any CPU
		{2588D14E-0C76-4BF2-8F78-46E203B5A3CD}.Debug|x86.Build.0 = Debug|Any CPU
		{2588D14E-0C76-4BF2-8F78-46E203B5A3CD}.Release|Any CPU.ActiveCfg = Release|Any CPU
		{2588D14E-0C76-4BF2-8F78-46E203B5A3CD}.Release|Any CPU.Build.0 = Release|Any CPU
		{2588D14E-0C76-4BF2-8F78-46E203B5A3CD}.Release|x64.ActiveCfg = Release|Any CPU
		{2588D14E-0C76-4BF2-8F78-46E203B5A3CD}.Release|x64.Build.0 = Release|Any CPU
		{2588D14E-0C76-4BF2-8F78-46E203B5A3CD}.Release|x86.ActiveCfg = Release|Any CPU
		{2588D14E-0C76-4BF2-8F78-46E203B5A3CD}.Release|x86.Build.0 = Release|Any CPU
		{5460B79A-CC97-4160-8B73-4BE514C289A5}.Debug|Any CPU.ActiveCfg = Debug|Any CPU
		{5460B79A-CC97-4160-8B73-4BE514C289A5}.Debug|Any CPU.Build.0 = Debug|Any CPU
		{5460B79A-CC97-4160-8B73-4BE514C289A5}.Debug|x64.ActiveCfg = Debug|Any CPU
		{5460B79A-CC97-4160-8B73-4BE514C289A5}.Debug|x64.Build.0 = Debug|Any CPU
		{5460B79A-CC97-4160-8B73-4BE514C289A5}.Debug|x86.ActiveCfg = Debug|Any CPU
		{5460B79A-CC97-4160-8B73-4BE514C289A5}.Debug|x86.Build.0 = Debug|Any CPU
		{5460B79A-CC97-4160-8B73-4BE514C289A5}.Release|Any CPU.ActiveCfg = Release|Any CPU
		{5460B79A-CC97-4160-8B73-4BE514C289A5}.Release|Any CPU.Build.0 = Release|Any CPU
		{5460B79A-CC97-4160-8B73-4BE514C289A5}.Release|x64.ActiveCfg = Release|Any CPU
		{5460B79A-CC97-4160-8B73-4BE514C289A5}.Release|x64.Build.0 = Release|Any CPU
		{5460B79A-CC97-4160-8B73-4BE514C289A5}.Release|x86.ActiveCfg = Release|Any CPU
		{5460B79A-CC97-4160-8B73-4BE514C289A5}.Release|x86.Build.0 = Release|Any CPU
		{1C715DA2-EF90-4528-A38E-38FB0DEE85EE}.Debug|Any CPU.ActiveCfg = Debug|Any CPU
		{1C715DA2-EF90-4528-A38E-38FB0DEE85EE}.Debug|Any CPU.Build.0 = Debug|Any CPU
		{1C715DA2-EF90-4528-A38E-38FB0DEE85EE}.Debug|x64.ActiveCfg = Debug|Any CPU
		{1C715DA2-EF90-4528-A38E-38FB0DEE85EE}.Debug|x64.Build.0 = Debug|Any CPU
		{1C715DA2-EF90-4528-A38E-38FB0DEE85EE}.Debug|x86.ActiveCfg = Debug|Any CPU
		{1C715DA2-EF90-4528-A38E-38FB0DEE85EE}.Debug|x86.Build.0 = Debug|Any CPU
		{1C715DA2-EF90-4528-A38E-38FB0DEE85EE}.Release|Any CPU.ActiveCfg = Release|Any CPU
		{1C715DA2-EF90-4528-A38E-38FB0DEE85EE}.Release|Any CPU.Build.0 = Release|Any CPU
		{1C715DA2-EF90-4528-A38E-38FB0DEE85EE}.Release|x64.ActiveCfg = Release|Any CPU
		{1C715DA2-EF90-4528-A38E-38FB0DEE85EE}.Release|x64.Build.0 = Release|Any CPU
		{1C715DA2-EF90-4528-A38E-38FB0DEE85EE}.Release|x86.ActiveCfg = Release|Any CPU
		{1C715DA2-EF90-4528-A38E-38FB0DEE85EE}.Release|x86.Build.0 = Release|Any CPU
	EndGlobalSection
EndGlobal
